// !$*UTF8*$!
{
	archiveVersion = 1;
	classes = {
	};
	objectVersion = 50;
	objects = {

/* Begin PBXBuildFile section */
		B4C06A6824A0EF1300E77AE3 /* AppDelegate.swift in Sources */ = {isa = PBXBuildFile; fileRef = B4C06A6724A0EF1300E77AE3 /* AppDelegate.swift */; };
		B4C06A6E24A0EF1300E77AE3 /* MainScene.swift in Sources */ = {isa = PBXBuildFile; fileRef = B4C06A6D24A0EF1300E77AE3 /* MainScene.swift */; };
		B4C06A7024A0EF1300E77AE3 /* GameViewController.swift in Sources */ = {isa = PBXBuildFile; fileRef = B4C06A6F24A0EF1300E77AE3 /* GameViewController.swift */; };
		B4C06A7324A0EF1300E77AE3 /* Main.storyboard in Resources */ = {isa = PBXBuildFile; fileRef = B4C06A7124A0EF1300E77AE3 /* Main.storyboard */; };
		B4C06A7524A0EF1500E77AE3 /* Assets.xcassets in Resources */ = {isa = PBXBuildFile; fileRef = B4C06A7424A0EF1500E77AE3 /* Assets.xcassets */; };
		B4C06A7824A0EF1500E77AE3 /* LaunchScreen.storyboard in Resources */ = {isa = PBXBuildFile; fileRef = B4C06A7624A0EF1500E77AE3 /* LaunchScreen.storyboard */; };
		B4C06A8424A163AF00E77AE3 /* xilosa_.ttf in Resources */ = {isa = PBXBuildFile; fileRef = B4C06A8324A163AF00E77AE3 /* xilosa_.ttf */; };
/* End PBXBuildFile section */

/* Begin PBXFileReference section */
		B4C06A6424A0EF1300E77AE3 /* Lendário.app */ = {isa = PBXFileReference; explicitFileType = wrapper.application; includeInIndex = 0; path = "Lendário.app"; sourceTree = BUILT_PRODUCTS_DIR; };
		B4C06A6724A0EF1300E77AE3 /* AppDelegate.swift */ = {isa = PBXFileReference; lastKnownFileType = sourcecode.swift; path = AppDelegate.swift; sourceTree = "<group>"; };
		B4C06A6D24A0EF1300E77AE3 /* MainScene.swift */ = {isa = PBXFileReference; lastKnownFileType = sourcecode.swift; path = MainScene.swift; sourceTree = "<group>"; };
		B4C06A6F24A0EF1300E77AE3 /* GameViewController.swift */ = {isa = PBXFileReference; lastKnownFileType = sourcecode.swift; path = GameViewController.swift; sourceTree = "<group>"; };
		B4C06A7224A0EF1300E77AE3 /* Base */ = {isa = PBXFileReference; lastKnownFileType = file.storyboard; name = Base; path = Base.lproj/Main.storyboard; sourceTree = "<group>"; };
		B4C06A7424A0EF1500E77AE3 /* Assets.xcassets */ = {isa = PBXFileReference; lastKnownFileType = folder.assetcatalog; path = Assets.xcassets; sourceTree = "<group>"; };
		B4C06A7724A0EF1500E77AE3 /* Base */ = {isa = PBXFileReference; lastKnownFileType = file.storyboard; name = Base; path = Base.lproj/LaunchScreen.storyboard; sourceTree = "<group>"; };
		B4C06A7924A0EF1500E77AE3 /* Info.plist */ = {isa = PBXFileReference; lastKnownFileType = text.plist.xml; path = Info.plist; sourceTree = "<group>"; };
		B4C06A8324A163AF00E77AE3 /* xilosa_.ttf */ = {isa = PBXFileReference; lastKnownFileType = file; path = xilosa_.ttf; sourceTree = "<group>"; };
/* End PBXFileReference section */

/* Begin PBXFrameworksBuildPhase section */
		B4C06A6124A0EF1300E77AE3 /* Frameworks */ = {
			isa = PBXFrameworksBuildPhase;
			buildActionMask = 2147483647;
			files = (
			);
			runOnlyForDeploymentPostprocessing = 0;
		};
/* End PBXFrameworksBuildPhase section */

/* Begin PBXGroup section */
		B4C06A5B24A0EF1300E77AE3 = {
			isa = PBXGroup;
			children = (
				B4C06A6624A0EF1300E77AE3 /* Lendario */,
				B4C06A6524A0EF1300E77AE3 /* Products */,
			);
			sourceTree = "<group>";
		};
		B4C06A6524A0EF1300E77AE3 /* Products */ = {
			isa = PBXGroup;
			children = (
				B4C06A6424A0EF1300E77AE3 /* Lendário.app */,
			);
			name = Products;
			sourceTree = "<group>";
		};
		B4C06A6624A0EF1300E77AE3 /* Lendario */ = {
			isa = PBXGroup;
			children = (
				B4C06A6724A0EF1300E77AE3 /* AppDelegate.swift */,
				B4C06A6D24A0EF1300E77AE3 /* MainScene.swift */,
				B4C06A6F24A0EF1300E77AE3 /* GameViewController.swift */,
				B4C06A7124A0EF1300E77AE3 /* Main.storyboard */,
				B4C06A7424A0EF1500E77AE3 /* Assets.xcassets */,
				B4C06A7624A0EF1500E77AE3 /* LaunchScreen.storyboard */,
				B4C06A7924A0EF1500E77AE3 /* Info.plist */,
				B4C06A8224A1633B00E77AE3 /* Fonts */,
			);
			path = Lendario;
			sourceTree = "<group>";
		};
		B4C06A8224A1633B00E77AE3 /* Fonts */ = {
			isa = PBXGroup;
			children = (
				B4C06A8324A163AF00E77AE3 /* xilosa_.ttf */,
			);
			path = Fonts;
			sourceTree = "<group>";
		};
/* End PBXGroup section */

/* Begin PBXNativeTarget section */
		B4C06A6324A0EF1300E77AE3 /* Lendario */ = {
			isa = PBXNativeTarget;
			buildConfigurationList = B4C06A7C24A0EF1500E77AE3 /* Build configuration list for PBXNativeTarget "Lendario" */;
			buildPhases = (
				B4C06A6024A0EF1300E77AE3 /* Sources */,
				B4C06A6124A0EF1300E77AE3 /* Frameworks */,
				B4C06A6224A0EF1300E77AE3 /* Resources */,
			);
			buildRules = (
			);
			dependencies = (
			);
			name = Lendario;
			productName = Lendario;
			productReference = B4C06A6424A0EF1300E77AE3 /* Lendário.app */;
			productType = "com.apple.product-type.application";
		};
/* End PBXNativeTarget section */

/* Begin PBXProject section */
		B4C06A5C24A0EF1300E77AE3 /* Project object */ = {
			isa = PBXProject;
			attributes = {
				LastSwiftUpdateCheck = 1150;
				LastUpgradeCheck = 1150;
				ORGANIZATIONNAME = "Jéssica Amaral";
				TargetAttributes = {
					B4C06A6324A0EF1300E77AE3 = {
						CreatedOnToolsVersion = 11.5;
					};
				};
			};
			buildConfigurationList = B4C06A5F24A0EF1300E77AE3 /* Build configuration list for PBXProject "Lendario" */;
			compatibilityVersion = "Xcode 9.3";
			developmentRegion = en;
			hasScannedForEncodings = 0;
			knownRegions = (
				en,
				Base,
			);
			mainGroup = B4C06A5B24A0EF1300E77AE3;
			productRefGroup = B4C06A6524A0EF1300E77AE3 /* Products */;
			projectDirPath = "";
			projectRoot = "";
			targets = (
				B4C06A6324A0EF1300E77AE3 /* Lendario */,
			);
		};
/* End PBXProject section */

/* Begin PBXResourcesBuildPhase section */
		B4C06A6224A0EF1300E77AE3 /* Resources */ = {
			isa = PBXResourcesBuildPhase;
			buildActionMask = 2147483647;
			files = (
				B4C06A7324A0EF1300E77AE3 /* Main.storyboard in Resources */,
				B4C06A7524A0EF1500E77AE3 /* Assets.xcassets in Resources */,
				B4C06A7824A0EF1500E77AE3 /* LaunchScreen.storyboard in Resources */,
				B4C06A8424A163AF00E77AE3 /* xilosa_.ttf in Resources */,
			);
			runOnlyForDeploymentPostprocessing = 0;
		};
/* End PBXResourcesBuildPhase section */

/* Begin PBXSourcesBuildPhase section */
		B4C06A6024A0EF1300E77AE3 /* Sources */ = {
			isa = PBXSourcesBuildPhase;
			buildActionMask = 2147483647;
			files = (
				B4C06A6E24A0EF1300E77AE3 /* MainScene.swift in Sources */,
				B4C06A7024A0EF1300E77AE3 /* GameViewController.swift in Sources */,
				B4C06A6824A0EF1300E77AE3 /* AppDelegate.swift in Sources */,
			);
			runOnlyForDeploymentPostprocessing = 0;
		};
/* End PBXSourcesBuildPhase section */

/* Begin PBXVariantGroup section */
		B4C06A7124A0EF1300E77AE3 /* Main.storyboard */ = {
			isa = PBXVariantGroup;
			children = (
				B4C06A7224A0EF1300E77AE3 /* Base */,
			);
			name = Main.storyboard;
			sourceTree = "<group>";
		};
		B4C06A7624A0EF1500E77AE3 /* LaunchScreen.storyboard */ = {
			isa = PBXVariantGroup;
			children = (
				B4C06A7724A0EF1500E77AE3 /* Base */,
			);
			name = LaunchScreen.storyboard;
			sourceTree = "<group>";
		};
/* End PBXVariantGroup section */

/* Begin XCBuildConfiguration section */
		B4C06A7A24A0EF1500E77AE3 /* Debug */ = {
			isa = XCBuildConfiguration;
			buildSettings = {
				ALWAYS_SEARCH_USER_PATHS = NO;
				CLANG_ANALYZER_NONNULL = YES;
				CLANG_ANALYZER_NUMBER_OBJECT_CONVERSION = YES_AGGRESSIVE;
				CLANG_CXX_LANGUAGE_STANDARD = "gnu++14";
				CLANG_CXX_LIBRARY = "libc++";
				CLANG_ENABLE_MODULES = YES;
				CLANG_ENABLE_OBJC_ARC = YES;
				CLANG_ENABLE_OBJC_WEAK = YES;
				CLANG_WARN_BLOCK_CAPTURE_AUTORELEASING = YES;
				CLANG_WARN_BOOL_CONVERSION = YES;
				CLANG_WARN_COMMA = YES;
				CLANG_WARN_CONSTANT_CONVERSION = YES;
				CLANG_WARN_DEPRECATED_OBJC_IMPLEMENTATIONS = YES;
				CLANG_WARN_DIRECT_OBJC_ISA_USAGE = YES_ERROR;
				CLANG_WARN_DOCUMENTATION_COMMENTS = YES;
				CLANG_WARN_EMPTY_BODY = YES;
				CLANG_WARN_ENUM_CONVERSION = YES;
				CLANG_WARN_INFINITE_RECURSION = YES;
				CLANG_WARN_INT_CONVERSION = YES;
				CLANG_WARN_NON_LITERAL_NULL_CONVERSION = YES;
				CLANG_WARN_OBJC_IMPLICIT_RETAIN_SELF = YES;
				CLANG_WARN_OBJC_LITERAL_CONVERSION = YES;
				CLANG_WARN_OBJC_ROOT_CLASS = YES_ERROR;
				CLANG_WARN_RANGE_LOOP_ANALYSIS = YES;
				CLANG_WARN_STRICT_PROTOTYPES = YES;
				CLANG_WARN_SUSPICIOUS_MOVE = YES;
				CLANG_WARN_UNGUARDED_AVAILABILITY = YES_AGGRESSIVE;
				CLANG_WARN_UNREACHABLE_CODE = YES;
				CLANG_WARN__DUPLICATE_METHOD_MATCH = YES;
				COPY_PHASE_STRIP = NO;
				DEBUG_INFORMATION_FORMAT = dwarf;
				ENABLE_STRICT_OBJC_MSGSEND = YES;
				ENABLE_TESTABILITY = YES;
				GCC_C_LANGUAGE_STANDARD = gnu11;
				GCC_DYNAMIC_NO_PIC = NO;
				GCC_NO_COMMON_BLOCKS = YES;
				GCC_OPTIMIZATION_LEVEL = 0;
				GCC_PREPROCESSOR_DEFINITIONS = (
					"DEBUG=1",
					"$(inherited)",
				);
				GCC_WARN_64_TO_32_BIT_CONVERSION = YES;
				GCC_WARN_ABOUT_RETURN_TYPE = YES_ERROR;
				GCC_WARN_UNDECLARED_SELECTOR = YES;
				GCC_WARN_UNINITIALIZED_AUTOS = YES_AGGRESSIVE;
				GCC_WARN_UNUSED_FUNCTION = YES;
				GCC_WARN_UNUSED_VARIABLE = YES;
				IPHONEOS_DEPLOYMENT_TARGET = 13.5;
				MTL_ENABLE_DEBUG_INFO = INCLUDE_SOURCE;
				MTL_FAST_MATH = YES;
				ONLY_ACTIVE_ARCH = YES;
				SDKROOT = iphoneos;
				SWIFT_ACTIVE_COMPILATION_CONDITIONS = DEBUG;
				SWIFT_OPTIMIZATION_LEVEL = "-Onone";
			};
			name = Debug;
		};
		B4C06A7B24A0EF1500E77AE3 /* Release */ = {
			isa = XCBuildConfiguration;
			buildSettings = {
				ALWAYS_SEARCH_USER_PATHS = NO;
				CLANG_ANALYZER_NONNULL = YES;
				CLANG_ANALYZER_NUMBER_OBJECT_CONVERSION = YES_AGGRESSIVE;
				CLANG_CXX_LANGUAGE_STANDARD = "gnu++14";
				CLANG_CXX_LIBRARY = "libc++";
				CLANG_ENABLE_MODULES = YES;
				CLANG_ENABLE_OBJC_ARC = YES;
				CLANG_ENABLE_OBJC_WEAK = YES;
				CLANG_WARN_BLOCK_CAPTURE_AUTORELEASING = YES;
				CLANG_WARN_BOOL_CONVERSION = YES;
				CLANG_WARN_COMMA = YES;
				CLANG_WARN_CONSTANT_CONVERSION = YES;
				CLANG_WARN_DEPRECATED_OBJC_IMPLEMENTATIONS = YES;
				CLANG_WARN_DIRECT_OBJC_ISA_USAGE = YES_ERROR;
				CLANG_WARN_DOCUMENTATION_COMMENTS = YES;
				CLANG_WARN_EMPTY_BODY = YES;
				CLANG_WARN_ENUM_CONVERSION = YES;
				CLANG_WARN_INFINITE_RECURSION = YES;
				CLANG_WARN_INT_CONVERSION = YES;
				CLANG_WARN_NON_LITERAL_NULL_CONVERSION = YES;
				CLANG_WARN_OBJC_IMPLICIT_RETAIN_SELF = YES;
				CLANG_WARN_OBJC_LITERAL_CONVERSION = YES;
				CLANG_WARN_OBJC_ROOT_CLASS = YES_ERROR;
				CLANG_WARN_RANGE_LOOP_ANALYSIS = YES;
				CLANG_WARN_STRICT_PROTOTYPES = YES;
				CLANG_WARN_SUSPICIOUS_MOVE = YES;
				CLANG_WARN_UNGUARDED_AVAILABILITY = YES_AGGRESSIVE;
				CLANG_WARN_UNREACHABLE_CODE = YES;
				CLANG_WARN__DUPLICATE_METHOD_MATCH = YES;
				COPY_PHASE_STRIP = NO;
				DEBUG_INFORMATION_FORMAT = "dwarf-with-dsym";
				ENABLE_NS_ASSERTIONS = NO;
				ENABLE_STRICT_OBJC_MSGSEND = YES;
				GCC_C_LANGUAGE_STANDARD = gnu11;
				GCC_NO_COMMON_BLOCKS = YES;
				GCC_WARN_64_TO_32_BIT_CONVERSION = YES;
				GCC_WARN_ABOUT_RETURN_TYPE = YES_ERROR;
				GCC_WARN_UNDECLARED_SELECTOR = YES;
				GCC_WARN_UNINITIALIZED_AUTOS = YES_AGGRESSIVE;
				GCC_WARN_UNUSED_FUNCTION = YES;
				GCC_WARN_UNUSED_VARIABLE = YES;
				IPHONEOS_DEPLOYMENT_TARGET = 13.5;
				MTL_ENABLE_DEBUG_INFO = NO;
				MTL_FAST_MATH = YES;
				SDKROOT = iphoneos;
				SWIFT_COMPILATION_MODE = wholemodule;
				SWIFT_OPTIMIZATION_LEVEL = "-O";
				VALIDATE_PRODUCT = YES;
			};
			name = Release;
		};
		B4C06A7D24A0EF1500E77AE3 /* Debug */ = {
			isa = XCBuildConfiguration;
			buildSettings = {
				ASSETCATALOG_COMPILER_APPICON_NAME = AppIcon;
				CODE_SIGN_STYLE = Automatic;
				DEVELOPMENT_TEAM = SZDYT9A2D8;
				INFOPLIST_FILE = Lendario/Info.plist;
				LD_RUNPATH_SEARCH_PATHS = (
					"$(inherited)",
					"@executable_path/Frameworks",
				);
				PRODUCT_BUNDLE_IDENTIFIER = AppleDeveloperAcademyUFPE.Lendario;
				PRODUCT_NAME = "Lendário";
				SWIFT_VERSION = 5.0;
				TARGETED_DEVICE_FAMILY = "1,2";
			};
			name = Debug;
		};
		B4C06A7E24A0EF1500E77AE3 /* Release */ = {
			isa = XCBuildConfiguration;
			buildSettings = {
				ASSETCATALOG_COMPILER_APPICON_NAME = AppIcon;
				CODE_SIGN_STYLE = Automatic;
				DEVELOPMENT_TEAM = SZDYT9A2D8;
				INFOPLIST_FILE = Lendario/Info.plist;
				LD_RUNPATH_SEARCH_PATHS = (
					"$(inherited)",
					"@executable_path/Frameworks",
				);
				PRODUCT_BUNDLE_IDENTIFIER = AppleDeveloperAcademyUFPE.Lendario;
				PRODUCT_NAME = "Lendário";
				SWIFT_VERSION = 5.0;
				TARGETED_DEVICE_FAMILY = "1,2";
			};
			name = Release;
		};
/* End XCBuildConfiguration section */

/* Begin XCConfigurationList section */
		B4C06A5F24A0EF1300E77AE3 /* Build configuration list for PBXProject "Lendario" */ = {
			isa = XCConfigurationList;
			buildConfigurations = (
				B4C06A7A24A0EF1500E77AE3 /* Debug */,
				B4C06A7B24A0EF1500E77AE3 /* Release */,
			);
			defaultConfigurationIsVisible = 0;
			defaultConfigurationName = Release;
		};
		B4C06A7C24A0EF1500E77AE3 /* Build configuration list for PBXNativeTarget "Lendario" */ = {
			isa = XCConfigurationList;
			buildConfigurations = (
				B4C06A7D24A0EF1500E77AE3 /* Debug */,
				B4C06A7E24A0EF1500E77AE3 /* Release */,
			);
			defaultConfigurationIsVisible = 0;
			defaultConfigurationName = Release;
		};
/* End XCConfigurationList section */
	};
	rootObject = B4C06A5C24A0EF1300E77AE3 /* Project object */;
}
